
Microsoft Visual Studio Solution File, Format Version 11.00
# Visual Studio 2010
Project("{FAE04EC0-301F-11D3-BF4B-00C04F79EFBC}") = "UnityEngine.UI", "UnityEngine.UI.csproj", "{5d0abed9-8a03-6426-a9c2-2e46546165b0}"
EndProject
Project("{FAE04EC0-301F-11D3-BF4B-00C04F79EFBC}") = "Unity.RenderPipelines.Core.Runtime", "Unity.RenderPipelines.Core.Runtime.csproj", "{779f1275-08d0-46a6-d8aa-3533cdb9ddb9}"
EndProject
Project("{FAE04EC0-301F-11D3-BF4B-00C04F79EFBC}") = "UnityEngine.TestRunner", "UnityEngine.TestRunner.csproj", "{027e05aa-3268-3eb0-303d-5084a4b5ed62}"
EndProject
Project("{FAE04EC0-301F-11D3-BF4B-00C04F79EFBC}") = "Unity.Mathematics", "Unity.Mathematics.csproj", "{dff5156f-775c-4ffc-bc59-d40a8d8ac61d}"
EndProject
Project("{FAE04EC0-301F-11D3-BF4B-00C04F79EFBC}") = "Unity.Timeline", "Unity.Timeline.csproj", "{e9af8f3a-8eca-1797-a954-dfe450c8b034}"
EndProject
Project("{FAE04EC0-301F-11D3-BF4B-00C04F79EFBC}") = "Unity.RenderPipelines.Universal.Runtime", "Unity.RenderPipelines.Universal.Runtime.csproj", "{327edd85-6c06-9624-7214-b144f6b13f55}"
EndProject
Project("{FAE04EC0-301F-11D3-BF4B-00C04F79EFBC}") = "Unity.TextMeshPro", "Unity.TextMeshPro.csproj", "{76502ff2-1c06-e418-8096-b3fc8f05bae4}"
EndProject
Project("{FAE04EC0-301F-11D3-BF4B-00C04F79EFBC}") = "Assembly-CSharp", "Assembly-CSharp.csproj", "{a338032e-2c3a-053d-d7d3-d97323a0546d}"
EndProject
Project("{FAE04EC0-301F-11D3-BF4B-00C04F79EFBC}") = "Unity.RenderPipelines.Core.ShaderLibrary", "Unity.RenderPipelines.Core.ShaderLibrary.csproj", "{6e5eccf6-c3d6-9f5f-31f8-51e8beab5b30}"
EndProject
Project("{FAE04EC0-301F-11D3-BF4B-00C04F79EFBC}") = "Unity.RenderPipelines.Universal.Shaders", "Unity.RenderPipelines.Universal.Shaders.csproj", "{796c01bc-5e05-43a9-5d46-3f33e0c0237a}"
EndProject
Project("{FAE04EC0-301F-11D3-BF4B-00C04F79EFBC}") = "Unity.RenderPipelines.ShaderGraph.ShaderGraphLibrary", "Unity.RenderPipelines.ShaderGraph.ShaderGraphLibrary.csproj", "{69663a99-2915-d80b-9e7a-20f06f741abc}"
EndProject
Project("{FAE04EC0-301F-11D3-BF4B-00C04F79EFBC}") = "Unity.RenderPipeline.Universal.ShaderLibrary", "Unity.RenderPipeline.Universal.ShaderLibrary.csproj", "{b7e2a558-c1cb-8459-e9db-33e578ec4c0a}"
EndProject
Project("{FAE04EC0-301F-11D3-BF4B-00C04F79EFBC}") = "Cinemachine", "Cinemachine.csproj", "{9faeb52e-69ab-c77b-d221-3427399b6bd0}"
EndProject
Project("{FAE04EC0-301F-11D3-BF4B-00C04F79EFBC}") = "UnityEditor.TestRunner", "UnityEditor.TestRunner.csproj", "{1c52e2d8-b4d2-024f-130a-d2e1da54f944}"
EndProject
Project("{FAE04EC0-301F-11D3-BF4B-00C04F79EFBC}") = "Unity.PlasticSCM.Editor", "Unity.PlasticSCM.Editor.csproj", "{c20b3e3e-3904-85a7-e569-bbc4febd7dc8}"
EndProject
Project("{FAE04EC0-301F-11D3-BF4B-00C04F79EFBC}") = "Unity.ShaderGraph.Editor", "Unity.ShaderGraph.Editor.csproj", "{c373d138-6d86-993e-8ec8-be0155dc65aa}"
EndProject
Project("{FAE04EC0-301F-11D3-BF4B-00C04F79EFBC}") = "UnityEditor.UI", "UnityEditor.UI.csproj", "{11299ed6-0a31-9187-f6df-17496b8b0f2a}"
EndProject
Project("{FAE04EC0-301F-11D3-BF4B-00C04F79EFBC}") = "Unity.VisualStudio.Editor", "Unity.VisualStudio.Editor.csproj", "{9e645c8c-7e3d-023b-8f33-b15c50154b0e}"
EndProject
Project("{FAE04EC0-301F-11D3-BF4B-00C04F79EFBC}") = "Unity.Timeline.Editor", "Unity.Timeline.Editor.csproj", "{5f424515-111d-c04f-8fa0-cdba5ee35423}"
EndProject
Project("{FAE04EC0-301F-11D3-BF4B-00C04F79EFBC}") = "Unity.Services.Core.Editor", "Unity.Services.Core.Editor.csproj", "{b9d096c2-58ab-bb7e-4818-ee82a534a9d1}"
EndProject
Project("{FAE04EC0-301F-11D3-BF4B-00C04F79EFBC}") = "Unity.TextMeshPro.Editor", "Unity.TextMeshPro.Editor.csproj", "{c3b50c67-df05-028e-ecca-c0678477d2d5}"
EndProject
Project("{FAE04EC0-301F-11D3-BF4B-00C04F79EFBC}") = "Unity.RenderPipelines.Core.Editor", "Unity.RenderPipelines.Core.Editor.csproj", "{88123f56-efce-b40a-6d48-a5286b78673b}"
EndProject
Project("{FAE04EC0-301F-11D3-BF4B-00C04F79EFBC}") = "Unity.CollabProxy.Editor", "Unity.CollabProxy.Editor.csproj", "{5f994ff6-fb32-8c66-6793-30efbc7bf0e4}"
EndProject
Project("{FAE04EC0-301F-11D3-BF4B-00C04F79EFBC}") = "Unity.ShaderGraph.Utilities", "Unity.ShaderGraph.Utilities.csproj", "{2e068703-75d5-254d-2f45-c3c182af7200}"
EndProject
Project("{FAE04EC0-301F-11D3-BF4B-00C04F79EFBC}") = "Unity.RenderPipelines.Universal.Editor", "Unity.RenderPipelines.Universal.Editor.csproj", "{ef269f41-6932-fb60-392e-52e6e9df9965}"
EndProject
Project("{FAE04EC0-301F-11D3-BF4B-00C04F79EFBC}") = "Unity.Rider.Editor", "Unity.Rider.Editor.csproj", "{07757a47-5898-92e3-ee45-c28e877849d5}"
EndProject
Project("{FAE04EC0-301F-11D3-BF4B-00C04F79EFBC}") = "Unity.Searcher.Editor", "Unity.Searcher.Editor.csproj", "{a2a0a9c2-f928-2b0c-a0c1-4b472169e45c}"
EndProject
Project("{FAE04EC0-301F-11D3-BF4B-00C04F79EFBC}") = "Unity.SysrootPackage.Editor", "Unity.SysrootPackage.Editor.csproj", "{1b1c01c1-8e28-2273-acd1-cc1f92be2c85}"
EndProject
Project("{FAE04EC0-301F-11D3-BF4B-00C04F79EFBC}") = "Unity.VSCode.Editor", "Unity.VSCode.Editor.csproj", "{a7e2e097-2367-7948-de99-0940e55daf4c}"
EndProject
Project("{FAE04EC0-301F-11D3-BF4B-00C04F79EFBC}") = "Unity.Mathematics.Editor", "Unity.Mathematics.Editor.csproj", "{f77cd85e-9d51-03ec-7928-6e817e86795c}"
EndProject
Project("{FAE04EC0-301F-11D3-BF4B-00C04F79EFBC}") = "Assembly-CSharp-Editor", "Assembly-CSharp-Editor.csproj", "{96592d5c-edf8-ca4c-9aa5-2fea5bbecf75}"
EndProject
Project("{FAE04EC0-301F-11D3-BF4B-00C04F79EFBC}") = "Unity.Sysroot.Linux_x86_64", "Unity.Sysroot.Linux_x86_64.csproj", "{51a9dc5b-7a2c-96d6-6a03-5a2ea958cc92}"
EndProject
Project("{FAE04EC0-301F-11D3-BF4B-00C04F79EFBC}") = "Unity.Toolchain.Linux-x86_64", "Unity.Toolchain.Linux-x86_64.csproj", "{60302515-5900-c07e-e9af-7d9290a2ecca}"
EndProject
Project("{FAE04EC0-301F-11D3-BF4B-00C04F79EFBC}") = "com.unity.cinemachine.editor", "com.unity.cinemachine.editor.csproj", "{a6bcf75f-4dea-1307-c819-11bf1faf8abf}"
EndProject
Global
	GlobalSection(SolutionConfigurationPlatforms) = preSolution
		Debug|Any CPU = Debug|Any CPU
	EndGlobalSection
	GlobalSection(ProjectConfigurationPlatforms) = postSolution
		{5d0abed9-8a03-6426-a9c2-2e46546165b0}.Debug|Any CPU.ActiveCfg = Debug|Any CPU
		{5d0abed9-8a03-6426-a9c2-2e46546165b0}.Debug|Any CPU.Build.0 = Debug|Any CPU
		{779f1275-08d0-46a6-d8aa-3533cdb9ddb9}.Debug|Any CPU.ActiveCfg = Debug|Any CPU
		{779f1275-08d0-46a6-d8aa-3533cdb9ddb9}.Debug|Any CPU.Build.0 = Debug|Any CPU
		{027e05aa-3268-3eb0-303d-5084a4b5ed62}.Debug|Any CPU.ActiveCfg = Debug|Any CPU
		{027e05aa-3268-3eb0-303d-5084a4b5ed62}.Debug|Any CPU.Build.0 = Debug|Any CPU
		{dff5156f-775c-4ffc-bc59-d40a8d8ac61d}.Debug|Any CPU.ActiveCfg = Debug|Any CPU
		{dff5156f-775c-4ffc-bc59-d40a8d8ac61d}.Debug|Any CPU.Build.0 = Debug|Any CPU
		{e9af8f3a-8eca-1797-a954-dfe450c8b034}.Debug|Any CPU.ActiveCfg = Debug|Any CPU
		{e9af8f3a-8eca-1797-a954-dfe450c8b034}.Debug|Any CPU.Build.0 = Debug|Any CPU
		{327edd85-6c06-9624-7214-b144f6b13f55}.Debug|Any CPU.ActiveCfg = Debug|Any CPU
		{327edd85-6c06-9624-7214-b144f6b13f55}.Debug|Any CPU.Build.0 = Debug|Any CPU
		{76502ff2-1c06-e418-8096-b3fc8f05bae4}.Debug|Any CPU.ActiveCfg = Debug|Any CPU
		{76502ff2-1c06-e418-8096-b3fc8f05bae4}.Debug|Any CPU.Build.0 = Debug|Any CPU
		{a338032e-2c3a-053d-d7d3-d97323a0546d}.Debug|Any CPU.ActiveCfg = Debug|Any CPU
		{a338032e-2c3a-053d-d7d3-d97323a0546d}.Debug|Any CPU.Build.0 = Debug|Any CPU
		{6e5eccf6-c3d6-9f5f-31f8-51e8beab5b30}.Debug|Any CPU.ActiveCfg = Debug|Any CPU
		{6e5eccf6-c3d6-9f5f-31f8-51e8beab5b30}.Debug|Any CPU.Build.0 = Debug|Any CPU
		{796c01bc-5e05-43a9-5d46-3f33e0c0237a}.Debug|Any CPU.ActiveCfg = Debug|Any CPU
		{796c01bc-5e05-43a9-5d46-3f33e0c0237a}.Debug|Any CPU.Build.0 = Debug|Any CPU
		{69663a99-2915-d80b-9e7a-20f06f741abc}.Debug|Any CPU.ActiveCfg = Debug|Any CPU
		{69663a99-2915-d80b-9e7a-20f06f741abc}.Debug|Any CPU.Build.0 = Debug|Any CPU
		{b7e2a558-c1cb-8459-e9db-33e578ec4c0a}.Debug|Any CPU.ActiveCfg = Debug|Any CPU
		{b7e2a558-c1cb-8459-e9db-33e578ec4c0a}.Debug|Any CPU.Build.0 = Debug|Any CPU
		{9faeb52e-69ab-c77b-d221-3427399b6bd0}.Debug|Any CPU.ActiveCfg = Debug|Any CPU
		{9faeb52e-69ab-c77b-d221-3427399b6bd0}.Debug|Any CPU.Build.0 = Debug|Any CPU
		{1c52e2d8-b4d2-024f-130a-d2e1da54f944}.Debug|Any CPU.ActiveCfg = Debug|Any CPU
		{1c52e2d8-b4d2-024f-130a-d2e1da54f944}.Debug|Any CPU.Build.0 = Debug|Any CPU
		{c20b3e3e-3904-85a7-e569-bbc4febd7dc8}.Debug|Any CPU.ActiveCfg = Debug|Any CPU
		{c20b3e3e-3904-85a7-e569-bbc4febd7dc8}.Debug|Any CPU.Build.0 = Debug|Any CPU
		{c373d138-6d86-993e-8ec8-be0155dc65aa}.Debug|Any CPU.ActiveCfg = Debug|Any CPU
		{c373d138-6d86-993e-8ec8-be0155dc65aa}.Debug|Any CPU.Build.0 = Debug|Any CPU
		{11299ed6-0a31-9187-f6df-17496b8b0f2a}.Debug|Any CPU.ActiveCfg = Debug|Any CPU
		{11299ed6-0a31-9187-f6df-17496b8b0f2a}.Debug|Any CPU.Build.0 = Debug|Any CPU
		{9e645c8c-7e3d-023b-8f33-b15c50154b0e}.Debug|Any CPU.ActiveCfg = Debug|Any CPU
		{9e645c8c-7e3d-023b-8f33-b15c50154b0e}.Debug|Any CPU.Build.0 = Debug|Any CPU
		{5f424515-111d-c04f-8fa0-cdba5ee35423}.Debug|Any CPU.ActiveCfg = Debug|Any CPU
		{5f424515-111d-c04f-8fa0-cdba5ee35423}.Debug|Any CPU.Build.0 = Debug|Any CPU
		{b9d096c2-58ab-bb7e-4818-ee82a534a9d1}.Debug|Any CPU.ActiveCfg = Debug|Any CPU
		{b9d096c2-58ab-bb7e-4818-ee82a534a9d1}.Debug|Any CPU.Build.0 = Debug|Any CPU
		{c3b50c67-df05-028e-ecca-c0678477d2d5}.Debug|Any CPU.ActiveCfg = Debug|Any CPU
		{c3b50c67-df05-028e-ecca-c0678477d2d5}.Debug|Any CPU.Build.0 = Debug|Any CPU
		{88123f56-efce-b40a-6d48-a5286b78673b}.Debug|Any CPU.ActiveCfg = Debug|Any CPU
		{88123f56-efce-b40a-6d48-a5286b78673b}.Debug|Any CPU.Build.0 = Debug|Any CPU
		{5f994ff6-fb32-8c66-6793-30efbc7bf0e4}.Debug|Any CPU.ActiveCfg = Debug|Any CPU
		{5f994ff6-fb32-8c66-6793-30efbc7bf0e4}.Debug|Any CPU.Build.0 = Debug|Any CPU
		{2e068703-75d5-254d-2f45-c3c182af7200}.Debug|Any CPU.ActiveCfg = Debug|Any CPU
		{2e068703-75d5-254d-2f45-c3c182af7200}.Debug|Any CPU.Build.0 = Debug|Any CPU
		{ef269f41-6932-fb60-392e-52e6e9df9965}.Debug|Any CPU.ActiveCfg = Debug|Any CPU
		{ef269f41-6932-fb60-392e-52e6e9df9965}.Debug|Any CPU.Build.0 = Debug|Any CPU
		{07757a47-5898-92e3-ee45-c28e877849d5}.Debug|Any CPU.ActiveCfg = Debug|Any CPU
		{07757a47-5898-92e3-ee45-c28e877849d5}.Debug|Any CPU.Build.0 = Debug|Any CPU
		{a2a0a9c2-f928-2b0c-a0c1-4b472169e45c}.Debug|Any CPU.ActiveCfg = Debug|Any CPU
		{a2a0a9c2-f928-2b0c-a0c1-4b472169e45c}.Debug|Any CPU.Build.0 = Debug|Any CPU
		{1b1c01c1-8e28-2273-acd1-cc1f92be2c85}.Debug|Any CPU.ActiveCfg = Debug|Any CPU
		{1b1c01c1-8e28-2273-acd1-cc1f92be2c85}.Debug|Any CPU.Build.0 = Debug|Any CPU
		{a7e2e097-2367-7948-de99-0940e55daf4c}.Debug|Any CPU.ActiveCfg = Debug|Any CPU
		{a7e2e097-2367-7948-de99-0940e55daf4c}.Debug|Any CPU.Build.0 = Debug|Any CPU
		{f77cd85e-9d51-03ec-7928-6e817e86795c}.Debug|Any CPU.ActiveCfg = Debug|Any CPU
		{f77cd85e-9d51-03ec-7928-6e817e86795c}.Debug|Any CPU.Build.0 = Debug|Any CPU
		{96592d5c-edf8-ca4c-9aa5-2fea5bbecf75}.Debug|Any CPU.ActiveCfg = Debug|Any CPU
		{96592d5c-edf8-ca4c-9aa5-2fea5bbecf75}.Debug|Any CPU.Build.0 = Debug|Any CPU
		{51a9dc5b-7a2c-96d6-6a03-5a2ea958cc92}.Debug|Any CPU.ActiveCfg = Debug|Any CPU
		{51a9dc5b-7a2c-96d6-6a03-5a2ea958cc92}.Debug|Any CPU.Build.0 = Debug|Any CPU
		{60302515-5900-c07e-e9af-7d9290a2ecca}.Debug|Any CPU.ActiveCfg = Debug|Any CPU
		{60302515-5900-c07e-e9af-7d9290a2ecca}.Debug|Any CPU.Build.0 = Debug|Any CPU
		{a6bcf75f-4dea-1307-c819-11bf1faf8abf}.Debug|Any CPU.ActiveCfg = Debug|Any CPU
		{a6bcf75f-4dea-1307-c819-11bf1faf8abf}.Debug|Any CPU.Build.0 = Debug|Any CPU
	EndGlobalSection
	GlobalSection(SolutionProperties) = preSolution
		HideSolutionNode = FALSE
	EndGlobalSection
EndGlobal
